// !$*UTF8*$!
{
	archiveVersion = 1;
	classes = {
	};
	objectVersion = 56;
	objects = {

/* Begin PBXBuildFile section */
		8976310429A1C97A00596D3B /* BackgroundItemsAddedKillerApp.swift in Sources */ = {isa = PBXBuildFile; fileRef = 8976310329A1C97A00596D3B /* BackgroundItemsAddedKillerApp.swift */; };
		8976310629A1C97A00596D3B /* ContentView.swift in Sources */ = {isa = PBXBuildFile; fileRef = 8976310529A1C97A00596D3B /* ContentView.swift */; };
		8976310829A1C97B00596D3B /* Assets.xcassets in Resources */ = {isa = PBXBuildFile; fileRef = 8976310729A1C97B00596D3B /* Assets.xcassets */; };
		8976310B29A1C97B00596D3B /* Preview Assets.xcassets in Resources */ = {isa = PBXBuildFile; fileRef = 8976310A29A1C97B00596D3B /* Preview Assets.xcassets */; };
		8976311429A1C9E600596D3B /* AXSwift in Frameworks */ = {isa = PBXBuildFile; productRef = 8976311329A1C9E600596D3B /* AXSwift */; };
		8976311C29A374A300596D3B /* TimedSequence.swift in Sources */ = {isa = PBXBuildFile; fileRef = 8976311B29A374A300596D3B /* TimedSequence.swift */; };
		8976311E29A374D100596D3B /* NotificationMonitor.swift in Sources */ = {isa = PBXBuildFile; fileRef = 8976311D29A374D100596D3B /* NotificationMonitor.swift */; };
		8986E84A29A3969A000B1154 /* AppDelegate.swift in Sources */ = {isa = PBXBuildFile; fileRef = 8986E84929A3969A000B1154 /* AppDelegate.swift */; };
		8986E84E29A39C48000B1154 /* demo.mp4 in Resources */ = {isa = PBXBuildFile; fileRef = 8986E84D29A39C34000B1154 /* demo.mp4 */; };
		8986E85029A3A3D8000B1154 /* RectangleButton.swift in Sources */ = {isa = PBXBuildFile; fileRef = 8986E84F29A3A3D8000B1154 /* RectangleButton.swift */; };
		8986E85229A3A458000B1154 /* ViewExtensions.swift in Sources */ = {isa = PBXBuildFile; fileRef = 8986E85129A3A458000B1154 /* ViewExtensions.swift */; };
		899AB34429A3BE0100AB37E1 /* LaunchAtLogin in Frameworks */ = {isa = PBXBuildFile; productRef = 899AB34329A3BE0100AB37E1 /* LaunchAtLogin */; };
		899AB34929A3C04F00AB37E1 /* AVKit.framework in Frameworks */ = {isa = PBXBuildFile; fileRef = 899AB34829A3C04F00AB37E1 /* AVKit.framework */; };
		89E20C6529A4689B00125140 /* AboutView.swift in Sources */ = {isa = PBXBuildFile; fileRef = 89E20C6429A4689B00125140 /* AboutView.swift */; };
/* End PBXBuildFile section */

/* Begin PBXFileReference section */
		8976310029A1C97A00596D3B /* BIAN Killer.app */ = {isa = PBXFileReference; explicitFileType = wrapper.application; includeInIndex = 0; path = "BIAN Killer.app"; sourceTree = BUILT_PRODUCTS_DIR; };
		8976310329A1C97A00596D3B /* BackgroundItemsAddedKillerApp.swift */ = {isa = PBXFileReference; lastKnownFileType = sourcecode.swift; path = BackgroundItemsAddedKillerApp.swift; sourceTree = "<group>"; };
		8976310529A1C97A00596D3B /* ContentView.swift */ = {isa = PBXFileReference; lastKnownFileType = sourcecode.swift; path = ContentView.swift; sourceTree = "<group>"; };
		8976310729A1C97B00596D3B /* Assets.xcassets */ = {isa = PBXFileReference; lastKnownFileType = folder.assetcatalog; path = Assets.xcassets; sourceTree = "<group>"; };
		8976310A29A1C97B00596D3B /* Preview Assets.xcassets */ = {isa = PBXFileReference; lastKnownFileType = folder.assetcatalog; path = "Preview Assets.xcassets"; sourceTree = "<group>"; };
		8976310C29A1C97B00596D3B /* BackgroundItemsAddedKiller.entitlements */ = {isa = PBXFileReference; lastKnownFileType = text.plist.entitlements; path = BackgroundItemsAddedKiller.entitlements; sourceTree = "<group>"; };
		8976311B29A374A300596D3B /* TimedSequence.swift */ = {isa = PBXFileReference; lastKnownFileType = sourcecode.swift; path = TimedSequence.swift; sourceTree = "<group>"; };
		8976311D29A374D100596D3B /* NotificationMonitor.swift */ = {isa = PBXFileReference; lastKnownFileType = sourcecode.swift; path = NotificationMonitor.swift; sourceTree = "<group>"; };
		8986E84929A3969A000B1154 /* AppDelegate.swift */ = {isa = PBXFileReference; lastKnownFileType = sourcecode.swift; path = AppDelegate.swift; sourceTree = "<group>"; };
		8986E84D29A39C34000B1154 /* demo.mp4 */ = {isa = PBXFileReference; lastKnownFileType = file; path = demo.mp4; sourceTree = "<group>"; };
		8986E84F29A3A3D8000B1154 /* RectangleButton.swift */ = {isa = PBXFileReference; lastKnownFileType = sourcecode.swift; path = RectangleButton.swift; sourceTree = "<group>"; };
		8986E85129A3A458000B1154 /* ViewExtensions.swift */ = {isa = PBXFileReference; lastKnownFileType = sourcecode.swift; path = ViewExtensions.swift; sourceTree = "<group>"; };
		899AB34829A3C04F00AB37E1 /* AVKit.framework */ = {isa = PBXFileReference; lastKnownFileType = wrapper.framework; name = AVKit.framework; path = System/Library/Frameworks/AVKit.framework; sourceTree = SDKROOT; };
		89E20C6429A4689B00125140 /* AboutView.swift */ = {isa = PBXFileReference; fileEncoding = 4; lastKnownFileType = sourcecode.swift; path = AboutView.swift; sourceTree = "<group>"; };
/* End PBXFileReference section */

/* Begin PBXFrameworksBuildPhase section */
		897630FD29A1C97A00596D3B /* Frameworks */ = {
			isa = PBXFrameworksBuildPhase;
			buildActionMask = 2147483647;
			files = (
				899AB34429A3BE0100AB37E1 /* LaunchAtLogin in Frameworks */,
				8976311429A1C9E600596D3B /* AXSwift in Frameworks */,
				899AB34929A3C04F00AB37E1 /* AVKit.framework in Frameworks */,
			);
			runOnlyForDeploymentPostprocessing = 0;
		};
/* End PBXFrameworksBuildPhase section */

/* Begin PBXGroup section */
		897630F729A1C97A00596D3B = {
			isa = PBXGroup;
			children = (
				8976310229A1C97A00596D3B /* BackgroundItemsAddedKiller */,
				8976310129A1C97A00596D3B /* Products */,
				899AB34729A3C04F00AB37E1 /* Frameworks */,
			);
			sourceTree = "<group>";
		};
		8976310129A1C97A00596D3B /* Products */ = {
			isa = PBXGroup;
			children = (
				8976310029A1C97A00596D3B /* BIAN Killer.app */,
			);
			name = Products;
			sourceTree = "<group>";
		};
		8976310229A1C97A00596D3B /* BackgroundItemsAddedKiller */ = {
			isa = PBXGroup;
			children = (
				8976311829A373BC00596D3B /* Source */,
				8976310329A1C97A00596D3B /* BackgroundItemsAddedKillerApp.swift */,
				8986E84929A3969A000B1154 /* AppDelegate.swift */,
				8976310729A1C97B00596D3B /* Assets.xcassets */,
				8986E84D29A39C34000B1154 /* demo.mp4 */,
				8976310C29A1C97B00596D3B /* BackgroundItemsAddedKiller.entitlements */,
				8976310929A1C97B00596D3B /* Preview Content */,
			);
			path = BackgroundItemsAddedKiller;
			sourceTree = "<group>";
		};
		8976310929A1C97B00596D3B /* Preview Content */ = {
			isa = PBXGroup;
			children = (
				8976310A29A1C97B00596D3B /* Preview Assets.xcassets */,
			);
			path = "Preview Content";
			sourceTree = "<group>";
		};
		8976311829A373BC00596D3B /* Source */ = {
			isa = PBXGroup;
			children = (
				89E20C6429A4689B00125140 /* AboutView.swift */,
				8976310529A1C97A00596D3B /* ContentView.swift */,
				8976311B29A374A300596D3B /* TimedSequence.swift */,
				8976311D29A374D100596D3B /* NotificationMonitor.swift */,
				8986E84F29A3A3D8000B1154 /* RectangleButton.swift */,
				8986E85129A3A458000B1154 /* ViewExtensions.swift */,
			);
			path = Source;
			sourceTree = "<group>";
		};
		899AB34729A3C04F00AB37E1 /* Frameworks */ = {
			isa = PBXGroup;
			children = (
				899AB34829A3C04F00AB37E1 /* AVKit.framework */,
			);
			name = Frameworks;
			sourceTree = "<group>";
		};
/* End PBXGroup section */

/* Begin PBXNativeTarget section */
		897630FF29A1C97A00596D3B /* BIAN Killer */ = {
			isa = PBXNativeTarget;
			buildConfigurationList = 8976310F29A1C97B00596D3B /* Build configuration list for PBXNativeTarget "BIAN Killer" */;
			buildPhases = (
				897630FC29A1C97A00596D3B /* Sources */,
				897630FD29A1C97A00596D3B /* Frameworks */,
				897630FE29A1C97A00596D3B /* Resources */,
			);
			buildRules = (
			);
			dependencies = (
			);
			name = "BIAN Killer";
			packageProductDependencies = (
				8976311329A1C9E600596D3B /* AXSwift */,
				899AB34329A3BE0100AB37E1 /* LaunchAtLogin */,
			);
			productName = BackgroundItemsAddedKiller;
			productReference = 8976310029A1C97A00596D3B /* BIAN Killer.app */;
			productType = "com.apple.product-type.application";
		};
/* End PBXNativeTarget section */

/* Begin PBXProject section */
		897630F829A1C97A00596D3B /* Project object */ = {
			isa = PBXProject;
			attributes = {
				BuildIndependentTargetsInParallel = 1;
				LastSwiftUpdateCheck = 1400;
				LastUpgradeCheck = 1400;
				TargetAttributes = {
					897630FF29A1C97A00596D3B = {
						CreatedOnToolsVersion = 14.0;
					};
				};
			};
			buildConfigurationList = 897630FB29A1C97A00596D3B /* Build configuration list for PBXProject "BackgroundItemsAddedKiller" */;
			compatibilityVersion = "Xcode 14.0";
			developmentRegion = en;
			hasScannedForEncodings = 0;
			knownRegions = (
				en,
				Base,
			);
			mainGroup = 897630F729A1C97A00596D3B;
			packageReferences = (
				8976311229A1C9E600596D3B /* XCRemoteSwiftPackageReference "AXSwift" */,
				899AB34229A3BE0100AB37E1 /* XCRemoteSwiftPackageReference "LaunchAtLogin-Modern" */,
			);
			productRefGroup = 8976310129A1C97A00596D3B /* Products */;
			projectDirPath = "";
			projectRoot = "";
			targets = (
				897630FF29A1C97A00596D3B /* BIAN Killer */,
			);
		};
/* End PBXProject section */

/* Begin PBXResourcesBuildPhase section */
		897630FE29A1C97A00596D3B /* Resources */ = {
			isa = PBXResourcesBuildPhase;
			buildActionMask = 2147483647;
			files = (
				8976310B29A1C97B00596D3B /* Preview Assets.xcassets in Resources */,
				8986E84E29A39C48000B1154 /* demo.mp4 in Resources */,
				8976310829A1C97B00596D3B /* Assets.xcassets in Resources */,
			);
			runOnlyForDeploymentPostprocessing = 0;
		};
/* End PBXResourcesBuildPhase section */

/* Begin PBXSourcesBuildPhase section */
		897630FC29A1C97A00596D3B /* Sources */ = {
			isa = PBXSourcesBuildPhase;
			buildActionMask = 2147483647;
			files = (
				89E20C6529A4689B00125140 /* AboutView.swift in Sources */,
				8986E85029A3A3D8000B1154 /* RectangleButton.swift in Sources */,
				8976310629A1C97A00596D3B /* ContentView.swift in Sources */,
				8986E85229A3A458000B1154 /* ViewExtensions.swift in Sources */,
				8976311E29A374D100596D3B /* NotificationMonitor.swift in Sources */,
				8986E84A29A3969A000B1154 /* AppDelegate.swift in Sources */,
				8976310429A1C97A00596D3B /* BackgroundItemsAddedKillerApp.swift in Sources */,
				8976311C29A374A300596D3B /* TimedSequence.swift in Sources */,
			);
			runOnlyForDeploymentPostprocessing = 0;
		};
/* End PBXSourcesBuildPhase section */

/* Begin XCBuildConfiguration section */
		8976310D29A1C97B00596D3B /* Debug */ = {
			isa = XCBuildConfiguration;
			buildSettings = {
				ALWAYS_SEARCH_USER_PATHS = NO;
				CLANG_ANALYZER_NONNULL = YES;
				CLANG_ANALYZER_NUMBER_OBJECT_CONVERSION = YES_AGGRESSIVE;
				CLANG_CXX_LANGUAGE_STANDARD = "gnu++20";
				CLANG_ENABLE_MODULES = YES;
				CLANG_ENABLE_OBJC_ARC = YES;
				CLANG_ENABLE_OBJC_WEAK = YES;
				CLANG_WARN_BLOCK_CAPTURE_AUTORELEASING = YES;
				CLANG_WARN_BOOL_CONVERSION = YES;
				CLANG_WARN_COMMA = YES;
				CLANG_WARN_CONSTANT_CONVERSION = YES;
				CLANG_WARN_DEPRECATED_OBJC_IMPLEMENTATIONS = YES;
				CLANG_WARN_DIRECT_OBJC_ISA_USAGE = YES_ERROR;
				CLANG_WARN_DOCUMENTATION_COMMENTS = YES;
				CLANG_WARN_EMPTY_BODY = YES;
				CLANG_WARN_ENUM_CONVERSION = YES;
				CLANG_WARN_INFINITE_RECURSION = YES;
				CLANG_WARN_INT_CONVERSION = YES;
				CLANG_WARN_NON_LITERAL_NULL_CONVERSION = YES;
				CLANG_WARN_OBJC_IMPLICIT_RETAIN_SELF = YES;
				CLANG_WARN_OBJC_LITERAL_CONVERSION = YES;
				CLANG_WARN_OBJC_ROOT_CLASS = YES_ERROR;
				CLANG_WARN_QUOTED_INCLUDE_IN_FRAMEWORK_HEADER = YES;
				CLANG_WARN_RANGE_LOOP_ANALYSIS = YES;
				CLANG_WARN_STRICT_PROTOTYPES = YES;
				CLANG_WARN_SUSPICIOUS_MOVE = YES;
				CLANG_WARN_UNGUARDED_AVAILABILITY = YES_AGGRESSIVE;
				CLANG_WARN_UNREACHABLE_CODE = YES;
				CLANG_WARN__DUPLICATE_METHOD_MATCH = YES;
				COPY_PHASE_STRIP = NO;
				DEBUG_INFORMATION_FORMAT = dwarf;
				ENABLE_STRICT_OBJC_MSGSEND = YES;
				ENABLE_TESTABILITY = YES;
				GCC_C_LANGUAGE_STANDARD = gnu11;
				GCC_DYNAMIC_NO_PIC = NO;
				GCC_NO_COMMON_BLOCKS = YES;
				GCC_OPTIMIZATION_LEVEL = 0;
				GCC_PREPROCESSOR_DEFINITIONS = (
					"DEBUG=1",
					"$(inherited)",
				);
				GCC_WARN_64_TO_32_BIT_CONVERSION = YES;
				GCC_WARN_ABOUT_RETURN_TYPE = YES_ERROR;
				GCC_WARN_UNDECLARED_SELECTOR = YES;
				GCC_WARN_UNINITIALIZED_AUTOS = YES_AGGRESSIVE;
				GCC_WARN_UNUSED_FUNCTION = YES;
				GCC_WARN_UNUSED_VARIABLE = YES;
				MACOSX_DEPLOYMENT_TARGET = 12.3;
				MTL_ENABLE_DEBUG_INFO = INCLUDE_SOURCE;
				MTL_FAST_MATH = YES;
				ONLY_ACTIVE_ARCH = YES;
				SDKROOT = macosx;
				SWIFT_ACTIVE_COMPILATION_CONDITIONS = DEBUG;
				SWIFT_OPTIMIZATION_LEVEL = "-Onone";
			};
			name = Debug;
		};
		8976310E29A1C97B00596D3B /* Release */ = {
			isa = XCBuildConfiguration;
			buildSettings = {
				ALWAYS_SEARCH_USER_PATHS = NO;
				CLANG_ANALYZER_NONNULL = YES;
				CLANG_ANALYZER_NUMBER_OBJECT_CONVERSION = YES_AGGRESSIVE;
				CLANG_CXX_LANGUAGE_STANDARD = "gnu++20";
				CLANG_ENABLE_MODULES = YES;
				CLANG_ENABLE_OBJC_ARC = YES;
				CLANG_ENABLE_OBJC_WEAK = YES;
				CLANG_WARN_BLOCK_CAPTURE_AUTORELEASING = YES;
				CLANG_WARN_BOOL_CONVERSION = YES;
				CLANG_WARN_COMMA = YES;
				CLANG_WARN_CONSTANT_CONVERSION = YES;
				CLANG_WARN_DEPRECATED_OBJC_IMPLEMENTATIONS = YES;
				CLANG_WARN_DIRECT_OBJC_ISA_USAGE = YES_ERROR;
				CLANG_WARN_DOCUMENTATION_COMMENTS = YES;
				CLANG_WARN_EMPTY_BODY = YES;
				CLANG_WARN_ENUM_CONVERSION = YES;
				CLANG_WARN_INFINITE_RECURSION = YES;
				CLANG_WARN_INT_CONVERSION = YES;
				CLANG_WARN_NON_LITERAL_NULL_CONVERSION = YES;
				CLANG_WARN_OBJC_IMPLICIT_RETAIN_SELF = YES;
				CLANG_WARN_OBJC_LITERAL_CONVERSION = YES;
				CLANG_WARN_OBJC_ROOT_CLASS = YES_ERROR;
				CLANG_WARN_QUOTED_INCLUDE_IN_FRAMEWORK_HEADER = YES;
				CLANG_WARN_RANGE_LOOP_ANALYSIS = YES;
				CLANG_WARN_STRICT_PROTOTYPES = YES;
				CLANG_WARN_SUSPICIOUS_MOVE = YES;
				CLANG_WARN_UNGUARDED_AVAILABILITY = YES_AGGRESSIVE;
				CLANG_WARN_UNREACHABLE_CODE = YES;
				CLANG_WARN__DUPLICATE_METHOD_MATCH = YES;
				COPY_PHASE_STRIP = NO;
				DEBUG_INFORMATION_FORMAT = "dwarf-with-dsym";
				ENABLE_NS_ASSERTIONS = NO;
				ENABLE_STRICT_OBJC_MSGSEND = YES;
				GCC_C_LANGUAGE_STANDARD = gnu11;
				GCC_NO_COMMON_BLOCKS = YES;
				GCC_WARN_64_TO_32_BIT_CONVERSION = YES;
				GCC_WARN_ABOUT_RETURN_TYPE = YES_ERROR;
				GCC_WARN_UNDECLARED_SELECTOR = YES;
				GCC_WARN_UNINITIALIZED_AUTOS = YES_AGGRESSIVE;
				GCC_WARN_UNUSED_FUNCTION = YES;
				GCC_WARN_UNUSED_VARIABLE = YES;
				MACOSX_DEPLOYMENT_TARGET = 12.3;
				MTL_ENABLE_DEBUG_INFO = NO;
				MTL_FAST_MATH = YES;
				SDKROOT = macosx;
				SWIFT_COMPILATION_MODE = wholemodule;
				SWIFT_OPTIMIZATION_LEVEL = "-O";
			};
			name = Release;
		};
		8976311029A1C97B00596D3B /* Debug */ = {
			isa = XCBuildConfiguration;
			buildSettings = {
				ASSETCATALOG_COMPILER_APPICON_NAME = AppIcon;
				ASSETCATALOG_COMPILER_GLOBAL_ACCENT_COLOR_NAME = AccentColor;
				CODE_SIGN_ENTITLEMENTS = BackgroundItemsAddedKiller/BackgroundItemsAddedKiller.entitlements;
				CODE_SIGN_STYLE = Automatic;
				COMBINE_HIDPI_IMAGES = YES;
				CURRENT_PROJECT_VERSION = 1;
				DEVELOPMENT_ASSET_PATHS = "\"BackgroundItemsAddedKiller/Preview Content\"";
				DEVELOPMENT_TEAM = LD9DHUY7M9;
				ENABLE_HARDENED_RUNTIME = YES;
				ENABLE_PREVIEWS = YES;
				GENERATE_INFOPLIST_FILE = YES;
				INFOPLIST_KEY_CFBundleDisplayName = "BIAN Killer";
				INFOPLIST_KEY_LSUIElement = YES;
				INFOPLIST_KEY_NSHumanReadableCopyright = "";
				LD_RUNPATH_SEARCH_PATHS = (
					"$(inherited)",
					"@executable_path/../Frameworks",
				);
				MACOSX_DEPLOYMENT_TARGET = 13.0;
				MARKETING_VERSION = 1.0;
				PRODUCT_BUNDLE_IDENTIFIER = "com.xiaogd.BIAN-Killer";
				PRODUCT_NAME = "$(TARGET_NAME)";
				SWIFT_EMIT_LOC_STRINGS = YES;
				SWIFT_VERSION = 5.0;
			};
			name = Debug;
		};
		8976311129A1C97B00596D3B /* Release */ = {
			isa = XCBuildConfiguration;
			buildSettings = {
				ASSETCATALOG_COMPILER_APPICON_NAME = AppIcon;
				ASSETCATALOG_COMPILER_GLOBAL_ACCENT_COLOR_NAME = AccentColor;
				CODE_SIGN_ENTITLEMENTS = BackgroundItemsAddedKiller/BackgroundItemsAddedKiller.entitlements;
				CODE_SIGN_STYLE = Automatic;
				COMBINE_HIDPI_IMAGES = YES;
				CURRENT_PROJECT_VERSION = 1;
				DEVELOPMENT_ASSET_PATHS = "\"BackgroundItemsAddedKiller/Preview Content\"";
				DEVELOPMENT_TEAM = LD9DHUY7M9;
				ENABLE_HARDENED_RUNTIME = YES;
				ENABLE_PREVIEWS = YES;
				GENERATE_INFOPLIST_FILE = YES;
				INFOPLIST_KEY_CFBundleDisplayName = "BIAN Killer";
				INFOPLIST_KEY_LSUIElement = YES;
				INFOPLIST_KEY_NSHumanReadableCopyright = "";
				LD_RUNPATH_SEARCH_PATHS = (
					"$(inherited)",
					"@executable_path/../Frameworks",
				);
				MACOSX_DEPLOYMENT_TARGET = 13.0;
				MARKETING_VERSION = 1.0;
				PRODUCT_BUNDLE_IDENTIFIER = "com.xiaogd.BIAN-Killer";
				PRODUCT_NAME = "$(TARGET_NAME)";
				SWIFT_EMIT_LOC_STRINGS = YES;
				SWIFT_VERSION = 5.0;
			};
			name = Release;
		};
/* End XCBuildConfiguration section */

/* Begin XCConfigurationList section */
		897630FB29A1C97A00596D3B /* Build configuration list for PBXProject "BackgroundItemsAddedKiller" */ = {
			isa = XCConfigurationList;
			buildConfigurations = (
				8976310D29A1C97B00596D3B /* Debug */,
				8976310E29A1C97B00596D3B /* Release */,
			);
			defaultConfigurationIsVisible = 0;
			defaultConfigurationName = Release;
		};
		8976310F29A1C97B00596D3B /* Build configuration list for PBXNativeTarget "BIAN Killer" */ = {
			isa = XCConfigurationList;
			buildConfigurations = (
				8976311029A1C97B00596D3B /* Debug */,
				8976311129A1C97B00596D3B /* Release */,
			);
			defaultConfigurationIsVisible = 0;
			defaultConfigurationName = Release;
		};
/* End XCConfigurationList section */

/* Begin XCRemoteSwiftPackageReference section */
		8976311229A1C9E600596D3B /* XCRemoteSwiftPackageReference "AXSwift" */ = {
			isa = XCRemoteSwiftPackageReference;
			repositoryURL = "https://github.com/tmandry/AXSwift";
			requirement = {
				kind = upToNextMajorVersion;
				minimumVersion = 0.3.2;
			};
		};
		899AB34229A3BE0100AB37E1 /* XCRemoteSwiftPackageReference "LaunchAtLogin-Modern" */ = {
			isa = XCRemoteSwiftPackageReference;
			repositoryURL = "https://github.com/sindresorhus/LaunchAtLogin-Modern";
			requirement = {
				branch = main;
				kind = branch;
			};
		};
/* End XCRemoteSwiftPackageReference section */

/* Begin XCSwiftPackageProductDependency section */
		8976311329A1C9E600596D3B /* AXSwift */ = {
			isa = XCSwiftPackageProductDependency;
			package = 8976311229A1C9E600596D3B /* XCRemoteSwiftPackageReference "AXSwift" */;
			productName = AXSwift;
		};
		899AB34329A3BE0100AB37E1 /* LaunchAtLogin */ = {
			isa = XCSwiftPackageProductDependency;
			package = 899AB34229A3BE0100AB37E1 /* XCRemoteSwiftPackageReference "LaunchAtLogin-Modern" */;
			productName = LaunchAtLogin;
		};
/* End XCSwiftPackageProductDependency section */
	};
	rootObject = 897630F829A1C97A00596D3B /* Project object */;
}
